
Microsoft Visual Studio Solution File, Format Version 12.00
# Visual Studio 15
VisualStudioVersion = 15.0.26430.12
MinimumVisualStudioVersion = 10.0.40219.1
Project("{FAE04EC0-301F-11D3-BF4B-00C04F79EFBC}") = "Builder", "Builder\Builder.csproj", "{2E46824B-A5DA-4292-A772-F50255A6DCF3}"
EndProject
Project("{FAE04EC0-301F-11D3-BF4B-00C04F79EFBC}") = "Factory", "Factory\Factory.csproj", "{A9106E8C-2C68-4BAB-ACAC-44026A8D2208}"
EndProject
Project("{FAE04EC0-301F-11D3-BF4B-00C04F79EFBC}") = "Prototype", "Prototype\Prototype.csproj", "{E7D37A00-32A2-498A-A5F4-236DD7643C01}"
EndProject
Project("{9A19103F-16F7-4668-BE54-9A1E7A4F7556}") = "Singleton", "Singleton\Singleton.csproj", "{A40D2817-0108-49DC-8AF0-EC84A44BF085}"
EndProject
Project("{FAE04EC0-301F-11D3-BF4B-00C04F79EFBC}") = "Adapter", "Adapter\Adapter.csproj", "{3832A5D8-E75C-4506-BA18-F134C13219F8}"
EndProject
Project("{FAE04EC0-301F-11D3-BF4B-00C04F79EFBC}") = "Bridge", "Bridge\Bridge.csproj", "{7FC7DCC8-BF3E-4B57-8236-8E9AD0D97612}"
EndProject
Project("{FAE04EC0-301F-11D3-BF4B-00C04F79EFBC}") = "Composite", "Composite\Composite.csproj", "{323DDE49-16CB-4AE6-BF76-2CD24125E0D3}"
EndProject
Project("{FAE04EC0-301F-11D3-BF4B-00C04F79EFBC}") = "Decorator", "Decorator\Decorator.csproj", "{5EDBB583-BA55-4D73-9AFF-7457A1139727}"
EndProject
Project("{FAE04EC0-301F-11D3-BF4B-00C04F79EFBC}") = "Façade", "Façade\Façade.csproj", "{605FC89D-4FD1-4707-9A73-FE50F7C02C5F}"
EndProject
Project("{FAE04EC0-301F-11D3-BF4B-00C04F79EFBC}") = "Flyweight", "Flyweight\Flyweight.csproj", "{A4F130C4-E526-4FC5-B6DD-2CB0E0ED2147}"
EndProject
Project("{FAE04EC0-301F-11D3-BF4B-00C04F79EFBC}") = "Proxy", "Proxy\Proxy.csproj", "{F1897504-735D-4724-9600-E3E061D83E16}"
EndProject
Project("{FAE04EC0-301F-11D3-BF4B-00C04F79EFBC}") = "Chain Of Responsibility", "Chain Of Responsibility\Chain Of Responsibility.csproj", "{A7105EA4-97B3-4A6F-9E42-7756500DC0BF}"
EndProject
Project("{FAE04EC0-301F-11D3-BF4B-00C04F79EFBC}") = "Command", "Command\Command.csproj", "{43FFCB7A-F8F3-4284-86D2-E10CF6E5C82D}"
EndProject
Project("{FAE04EC0-301F-11D3-BF4B-00C04F79EFBC}") = "Interpreter", "Interpreter\Interpreter.csproj", "{D181A368-7DD8-4228-9536-B42135618237}"
EndProject
Project("{FAE04EC0-301F-11D3-BF4B-00C04F79EFBC}") = "Iterator", "Iterator\Iterator.csproj", "{0E2DEB6A-AA05-497F-BBD3-79A589669B12}"
EndProject
Project("{FAE04EC0-301F-11D3-BF4B-00C04F79EFBC}") = "Mediator", "Mediator\Mediator.csproj", "{6B5550F3-D48E-4479-85F3-D2368D501022}"
EndProject
Project("{FAE04EC0-301F-11D3-BF4B-00C04F79EFBC}") = "Memento", "Memento\Memento.csproj", "{C32F76C5-93AB-41AC-BB6D-F705778305ED}"
EndProject
Project("{FAE04EC0-301F-11D3-BF4B-00C04F79EFBC}") = "Null Object", "Null Object\Null Object.csproj", "{F277BF4C-0BFB-4637-8CEA-545857C0E104}"
EndProject
Project("{FAE04EC0-301F-11D3-BF4B-00C04F79EFBC}") = "Observer", "Observer\Observer.csproj", "{7DC84CC4-2B64-4605-8E1B-0C5AD19A89B0}"
EndProject
Project("{FAE04EC0-301F-11D3-BF4B-00C04F79EFBC}") = "State", "State\State.csproj", "{3B15D0DC-6FEC-457C-9D14-E860B1C354D0}"
EndProject
Project("{FAE04EC0-301F-11D3-BF4B-00C04F79EFBC}") = "Strategy", "Strategy\Strategy.csproj", "{13F0EC12-B7BB-41B0-9D6A-113AEDE18B26}"
EndProject
Project("{FAE04EC0-301F-11D3-BF4B-00C04F79EFBC}") = "Template Method", "Template Method\Template Method.csproj", "{FBD496AC-CDE6-4790-834A-A16F1B9C17E7}"
EndProject
Project("{FAE04EC0-301F-11D3-BF4B-00C04F79EFBC}") = "Visitor", "Visitor\Visitor.csproj", "{4C56C551-DD14-48DD-8393-2122FFF20AF6}"
EndProject
Global
	GlobalSection(SolutionConfigurationPlatforms) = preSolution
		Debug|Any CPU = Debug|Any CPU
		Release|Any CPU = Release|Any CPU
	EndGlobalSection
	GlobalSection(ProjectConfigurationPlatforms) = postSolution
		{2E46824B-A5DA-4292-A772-F50255A6DCF3}.Debug|Any CPU.ActiveCfg = Debug|Any CPU
		{2E46824B-A5DA-4292-A772-F50255A6DCF3}.Release|Any CPU.ActiveCfg = Release|Any CPU
		{2E46824B-A5DA-4292-A772-F50255A6DCF3}.Release|Any CPU.Build.0 = Release|Any CPU
		{A9106E8C-2C68-4BAB-ACAC-44026A8D2208}.Debug|Any CPU.ActiveCfg = Debug|Any CPU
		{A9106E8C-2C68-4BAB-ACAC-44026A8D2208}.Release|Any CPU.ActiveCfg = Release|Any CPU
		{A9106E8C-2C68-4BAB-ACAC-44026A8D2208}.Release|Any CPU.Build.0 = Release|Any CPU
		{E7D37A00-32A2-498A-A5F4-236DD7643C01}.Debug|Any CPU.ActiveCfg = Debug|Any CPU
		{E7D37A00-32A2-498A-A5F4-236DD7643C01}.Release|Any CPU.ActiveCfg = Release|Any CPU
		{E7D37A00-32A2-498A-A5F4-236DD7643C01}.Release|Any CPU.Build.0 = Release|Any CPU
		{A40D2817-0108-49DC-8AF0-EC84A44BF085}.Debug|Any CPU.ActiveCfg = Debug|Any CPU
		{A40D2817-0108-49DC-8AF0-EC84A44BF085}.Release|Any CPU.ActiveCfg = Release|Any CPU
		{A40D2817-0108-49DC-8AF0-EC84A44BF085}.Release|Any CPU.Build.0 = Release|Any CPU
		{3832A5D8-E75C-4506-BA18-F134C13219F8}.Debug|Any CPU.ActiveCfg = Debug|Any CPU
		{3832A5D8-E75C-4506-BA18-F134C13219F8}.Debug|Any CPU.Build.0 = Debug|Any CPU
		{3832A5D8-E75C-4506-BA18-F134C13219F8}.Release|Any CPU.ActiveCfg = Release|Any CPU
		{3832A5D8-E75C-4506-BA18-F134C13219F8}.Release|Any CPU.Build.0 = Release|Any CPU
		{7FC7DCC8-BF3E-4B57-8236-8E9AD0D97612}.Debug|Any CPU.ActiveCfg = Debug|Any CPU
		{7FC7DCC8-BF3E-4B57-8236-8E9AD0D97612}.Debug|Any CPU.Build.0 = Debug|Any CPU
		{7FC7DCC8-BF3E-4B57-8236-8E9AD0D97612}.Release|Any CPU.ActiveCfg = Release|Any CPU
		{7FC7DCC8-BF3E-4B57-8236-8E9AD0D97612}.Release|Any CPU.Build.0 = Release|Any CPU
		{323DDE49-16CB-4AE6-BF76-2CD24125E0D3}.Debug|Any CPU.ActiveCfg = Debug|Any CPU
		{323DDE49-16CB-4AE6-BF76-2CD24125E0D3}.Release|Any CPU.ActiveCfg = Release|Any CPU
		{323DDE49-16CB-4AE6-BF76-2CD24125E0D3}.Release|Any CPU.Build.0 = Release|Any CPU
		{5EDBB583-BA55-4D73-9AFF-7457A1139727}.Debug|Any CPU.ActiveCfg = Debug|Any CPU
		{5EDBB583-BA55-4D73-9AFF-7457A1139727}.Release|Any CPU.ActiveCfg = Release|Any CPU
		{5EDBB583-BA55-4D73-9AFF-7457A1139727}.Release|Any CPU.Build.0 = Release|Any CPU
		{605FC89D-4FD1-4707-9A73-FE50F7C02C5F}.Debug|Any CPU.ActiveCfg = Debug|Any CPU
		{605FC89D-4FD1-4707-9A73-FE50F7C02C5F}.Release|Any CPU.ActiveCfg = Release|Any CPU
		{605FC89D-4FD1-4707-9A73-FE50F7C02C5F}.Release|Any CPU.Build.0 = Release|Any CPU
		{A4F130C4-E526-4FC5-B6DD-2CB0E0ED2147}.Debug|Any CPU.ActiveCfg = Debug|Any CPU
		{A4F130C4-E526-4FC5-B6DD-2CB0E0ED2147}.Release|Any CPU.ActiveCfg = Release|Any CPU
		{A4F130C4-E526-4FC5-B6DD-2CB0E0ED2147}.Release|Any CPU.Build.0 = Release|Any CPU
		{F1897504-735D-4724-9600-E3E061D83E16}.Debug|Any CPU.ActiveCfg = Debug|Any CPU
		{F1897504-735D-4724-9600-E3E061D83E16}.Release|Any CPU.ActiveCfg = Release|Any CPU
		{F1897504-735D-4724-9600-E3E061D83E16}.Release|Any CPU.Build.0 = Release|Any CPU
		{A7105EA4-97B3-4A6F-9E42-7756500DC0BF}.Debug|Any CPU.ActiveCfg = Debug|Any CPU
		{A7105EA4-97B3-4A6F-9E42-7756500DC0BF}.Release|Any CPU.ActiveCfg = Release|Any CPU
		{A7105EA4-97B3-4A6F-9E42-7756500DC0BF}.Release|Any CPU.Build.0 = Release|Any CPU
		{43FFCB7A-F8F3-4284-86D2-E10CF6E5C82D}.Debug|Any CPU.ActiveCfg = Debug|Any CPU
		{43FFCB7A-F8F3-4284-86D2-E10CF6E5C82D}.Release|Any CPU.ActiveCfg = Release|Any CPU
		{43FFCB7A-F8F3-4284-86D2-E10CF6E5C82D}.Release|Any CPU.Build.0 = Release|Any CPU
		{D181A368-7DD8-4228-9536-B42135618237}.Debug|Any CPU.ActiveCfg = Debug|Any CPU
		{D181A368-7DD8-4228-9536-B42135618237}.Release|Any CPU.ActiveCfg = Release|Any CPU
		{D181A368-7DD8-4228-9536-B42135618237}.Release|Any CPU.Build.0 = Release|Any CPU
		{0E2DEB6A-AA05-497F-BBD3-79A589669B12}.Debug|Any CPU.ActiveCfg = Debug|Any CPU
		{0E2DEB6A-AA05-497F-BBD3-79A589669B12}.Debug|Any CPU.Build.0 = Debug|Any CPU
		{0E2DEB6A-AA05-497F-BBD3-79A589669B12}.Release|Any CPU.ActiveCfg = Release|Any CPU
		{0E2DEB6A-AA05-497F-BBD3-79A589669B12}.Release|Any CPU.Build.0 = Release|Any CPU
		{6B5550F3-D48E-4479-85F3-D2368D501022}.Debug|Any CPU.ActiveCfg = Debug|Any CPU
		{6B5550F3-D48E-4479-85F3-D2368D501022}.Debug|Any CPU.Build.0 = Debug|Any CPU
		{6B5550F3-D48E-4479-85F3-D2368D501022}.Release|Any CPU.ActiveCfg = Release|Any CPU
		{6B5550F3-D48E-4479-85F3-D2368D501022}.Release|Any CPU.Build.0 = Release|Any CPU
		{C32F76C5-93AB-41AC-BB6D-F705778305ED}.Debug|Any CPU.ActiveCfg = Debug|Any CPU
		{C32F76C5-93AB-41AC-BB6D-F705778305ED}.Debug|Any CPU.Build.0 = Debug|Any CPU
		{C32F76C5-93AB-41AC-BB6D-F705778305ED}.Release|Any CPU.ActiveCfg = Release|Any CPU
		{C32F76C5-93AB-41AC-BB6D-F705778305ED}.Release|Any CPU.Build.0 = Release|Any CPU
		{F277BF4C-0BFB-4637-8CEA-545857C0E104}.Debug|Any CPU.ActiveCfg = Debug|Any CPU
		{F277BF4C-0BFB-4637-8CEA-545857C0E104}.Debug|Any CPU.Build.0 = Debug|Any CPU
		{F277BF4C-0BFB-4637-8CEA-545857C0E104}.Release|Any CPU.ActiveCfg = Release|Any CPU
		{F277BF4C-0BFB-4637-8CEA-545857C0E104}.Release|Any CPU.Build.0 = Release|Any CPU
		{7DC84CC4-2B64-4605-8E1B-0C5AD19A89B0}.Debug|Any CPU.ActiveCfg = Debug|Any CPU
		{7DC84CC4-2B64-4605-8E1B-0C5AD19A89B0}.Debug|Any CPU.Build.0 = Debug|Any CPU
		{7DC84CC4-2B64-4605-8E1B-0C5AD19A89B0}.Release|Any CPU.ActiveCfg = Release|Any CPU
		{7DC84CC4-2B64-4605-8E1B-0C5AD19A89B0}.Release|Any CPU.Build.0 = Release|Any CPU
		{3B15D0DC-6FEC-457C-9D14-E860B1C354D0}.Debug|Any CPU.ActiveCfg = Debug|Any CPU
		{3B15D0DC-6FEC-457C-9D14-E860B1C354D0}.Debug|Any CPU.Build.0 = Debug|Any CPU
		{3B15D0DC-6FEC-457C-9D14-E860B1C354D0}.Release|Any CPU.ActiveCfg = Release|Any CPU
		{3B15D0DC-6FEC-457C-9D14-E860B1C354D0}.Release|Any CPU.Build.0 = Release|Any CPU
		{13F0EC12-B7BB-41B0-9D6A-113AEDE18B26}.Debug|Any CPU.ActiveCfg = Debug|Any CPU
		{13F0EC12-B7BB-41B0-9D6A-113AEDE18B26}.Debug|Any CPU.Build.0 = Debug|Any CPU
		{13F0EC12-B7BB-41B0-9D6A-113AEDE18B26}.Release|Any CPU.ActiveCfg = Release|Any CPU
		{13F0EC12-B7BB-41B0-9D6A-113AEDE18B26}.Release|Any CPU.Build.0 = Release|Any CPU
		{FBD496AC-CDE6-4790-834A-A16F1B9C17E7}.Debug|Any CPU.ActiveCfg = Debug|Any CPU
		{FBD496AC-CDE6-4790-834A-A16F1B9C17E7}.Debug|Any CPU.Build.0 = Debug|Any CPU
		{FBD496AC-CDE6-4790-834A-A16F1B9C17E7}.Release|Any CPU.ActiveCfg = Release|Any CPU
		{FBD496AC-CDE6-4790-834A-A16F1B9C17E7}.Release|Any CPU.Build.0 = Release|Any CPU
		{4C56C551-DD14-48DD-8393-2122FFF20AF6}.Debug|Any CPU.ActiveCfg = Debug|Any CPU
		{4C56C551-DD14-48DD-8393-2122FFF20AF6}.Debug|Any CPU.Build.0 = Debug|Any CPU
		{4C56C551-DD14-48DD-8393-2122FFF20AF6}.Release|Any CPU.ActiveCfg = Release|Any CPU
		{4C56C551-DD14-48DD-8393-2122FFF20AF6}.Release|Any CPU.Build.0 = Release|Any CPU
	EndGlobalSection
	GlobalSection(SolutionProperties) = preSolution
		HideSolutionNode = FALSE
	EndGlobalSection
EndGlobal
