
Microsoft Visual Studio Solution File, Format Version 12.00
# Visual Studio 15
VisualStudioVersion = 15.0.26430.12
MinimumVisualStudioVersion = 10.0.40219.1
Project("{FAE04EC0-301F-11D3-BF4B-00C04F79EFBC}") = "Builder", "Builder\Builder.csproj", "{2E46824B-A5DA-4292-A772-F50255A6DCF3}"
EndProject
Project("{FAE04EC0-301F-11D3-BF4B-00C04F79EFBC}") = "Factory", "Factory\Factory.csproj", "{A9106E8C-2C68-4BAB-ACAC-44026A8D2208}"
EndProject
Project("{FAE04EC0-301F-11D3-BF4B-00C04F79EFBC}") = "Prototype", "Prototype\Prototype.csproj", "{E7D37A00-32A2-498A-A5F4-236DD7643C01}"
EndProject
Project("{9A19103F-16F7-4668-BE54-9A1E7A4F7556}") = "Singleton", "Singleton\Singleton.csproj", "{A40D2817-0108-49DC-8AF0-EC84A44BF085}"
EndProject
Project("{FAE04EC0-301F-11D3-BF4B-00C04F79EFBC}") = "Adapter", "Adapter\Adapter.csproj", "{3832A5D8-E75C-4506-BA18-F134C13219F8}"
EndProject
Project("{FAE04EC0-301F-11D3-BF4B-00C04F79EFBC}") = "Bridge", "Bridge\Bridge.csproj", "{7FC7DCC8-BF3E-4B57-8236-8E9AD0D97612}"
EndProject
Project("{FAE04EC0-301F-11D3-BF4B-00C04F79EFBC}") = "Composite", "Composite\Composite.csproj", "{323DDE49-16CB-4AE6-BF76-2CD24125E0D3}"
EndProject
Global
	GlobalSection(SolutionConfigurationPlatforms) = preSolution
		Debug|Any CPU = Debug|Any CPU
		Release|Any CPU = Release|Any CPU
	EndGlobalSection
	GlobalSection(ProjectConfigurationPlatforms) = postSolution
		{2E46824B-A5DA-4292-A772-F50255A6DCF3}.Debug|Any CPU.ActiveCfg = Debug|Any CPU
		{2E46824B-A5DA-4292-A772-F50255A6DCF3}.Debug|Any CPU.Build.0 = Debug|Any CPU
		{2E46824B-A5DA-4292-A772-F50255A6DCF3}.Release|Any CPU.ActiveCfg = Release|Any CPU
		{2E46824B-A5DA-4292-A772-F50255A6DCF3}.Release|Any CPU.Build.0 = Release|Any CPU
		{A9106E8C-2C68-4BAB-ACAC-44026A8D2208}.Debug|Any CPU.ActiveCfg = Debug|Any CPU
		{A9106E8C-2C68-4BAB-ACAC-44026A8D2208}.Debug|Any CPU.Build.0 = Debug|Any CPU
		{A9106E8C-2C68-4BAB-ACAC-44026A8D2208}.Release|Any CPU.ActiveCfg = Release|Any CPU
		{A9106E8C-2C68-4BAB-ACAC-44026A8D2208}.Release|Any CPU.Build.0 = Release|Any CPU
		{E7D37A00-32A2-498A-A5F4-236DD7643C01}.Debug|Any CPU.ActiveCfg = Debug|Any CPU
		{E7D37A00-32A2-498A-A5F4-236DD7643C01}.Debug|Any CPU.Build.0 = Debug|Any CPU
		{E7D37A00-32A2-498A-A5F4-236DD7643C01}.Release|Any CPU.ActiveCfg = Release|Any CPU
		{E7D37A00-32A2-498A-A5F4-236DD7643C01}.Release|Any CPU.Build.0 = Release|Any CPU
		{A40D2817-0108-49DC-8AF0-EC84A44BF085}.Debug|Any CPU.ActiveCfg = Debug|Any CPU
		{A40D2817-0108-49DC-8AF0-EC84A44BF085}.Debug|Any CPU.Build.0 = Debug|Any CPU
		{A40D2817-0108-49DC-8AF0-EC84A44BF085}.Release|Any CPU.ActiveCfg = Release|Any CPU
		{A40D2817-0108-49DC-8AF0-EC84A44BF085}.Release|Any CPU.Build.0 = Release|Any CPU
		{3832A5D8-E75C-4506-BA18-F134C13219F8}.Debug|Any CPU.ActiveCfg = Debug|Any CPU
		{3832A5D8-E75C-4506-BA18-F134C13219F8}.Debug|Any CPU.Build.0 = Debug|Any CPU
		{3832A5D8-E75C-4506-BA18-F134C13219F8}.Release|Any CPU.ActiveCfg = Release|Any CPU
		{3832A5D8-E75C-4506-BA18-F134C13219F8}.Release|Any CPU.Build.0 = Release|Any CPU
		{7FC7DCC8-BF3E-4B57-8236-8E9AD0D97612}.Debug|Any CPU.ActiveCfg = Debug|Any CPU
		{7FC7DCC8-BF3E-4B57-8236-8E9AD0D97612}.Debug|Any CPU.Build.0 = Debug|Any CPU
		{7FC7DCC8-BF3E-4B57-8236-8E9AD0D97612}.Release|Any CPU.ActiveCfg = Release|Any CPU
		{7FC7DCC8-BF3E-4B57-8236-8E9AD0D97612}.Release|Any CPU.Build.0 = Release|Any CPU
		{323DDE49-16CB-4AE6-BF76-2CD24125E0D3}.Debug|Any CPU.ActiveCfg = Debug|Any CPU
		{323DDE49-16CB-4AE6-BF76-2CD24125E0D3}.Debug|Any CPU.Build.0 = Debug|Any CPU
		{323DDE49-16CB-4AE6-BF76-2CD24125E0D3}.Release|Any CPU.ActiveCfg = Release|Any CPU
		{323DDE49-16CB-4AE6-BF76-2CD24125E0D3}.Release|Any CPU.Build.0 = Release|Any CPU
	EndGlobalSection
	GlobalSection(SolutionProperties) = preSolution
		HideSolutionNode = FALSE
	EndGlobalSection
EndGlobal
